
Microsoft Visual Studio Solution File, Format Version 12.00
# Visual Studio Version 16
VisualStudioVersion = 16.0.29503.13
MinimumVisualStudioVersion = 10.0.40219.1
Project("{9A19103F-16F7-4668-BE54-9A1E7A4F7556}") = "ASPE.FileManagement", "ASPE.FileManagement\ASPE.FileManagement.csproj", "{DFE5FFA1-93D7-4CED-B4A4-80ADAF2724B6}"
EndProject
Project("{9A19103F-16F7-4668-BE54-9A1E7A4F7556}") = "ASPE.DQM.Files", "ASPE.DQM.Files\ASPE.DQM.Files.csproj", "{77E91AED-36FF-4990-9339-6BB81E2DA8D7}"
EndProject
Project("{9A19103F-16F7-4668-BE54-9A1E7A4F7556}") = "ASPE.DQM.Data", "ASPE.DQM.Data\ASPE.DQM.Data.csproj", "{BC4C85DE-DB45-48D4-A9F7-A1A9824430CD}"
EndProject
Global
	GlobalSection(SolutionConfigurationPlatforms) = preSolution
		Debug|Any CPU = Debug|Any CPU
		Release|Any CPU = Release|Any CPU
	EndGlobalSection
	GlobalSection(ProjectConfigurationPlatforms) = postSolution
		{DFE5FFA1-93D7-4CED-B4A4-80ADAF2724B6}.Debug|Any CPU.ActiveCfg = Debug|Any CPU
		{DFE5FFA1-93D7-4CED-B4A4-80ADAF2724B6}.Debug|Any CPU.Build.0 = Debug|Any CPU
		{DFE5FFA1-93D7-4CED-B4A4-80ADAF2724B6}.Release|Any CPU.ActiveCfg = Release|Any CPU
		{DFE5FFA1-93D7-4CED-B4A4-80ADAF2724B6}.Release|Any CPU.Build.0 = Release|Any CPU
		{77E91AED-36FF-4990-9339-6BB81E2DA8D7}.Debug|Any CPU.ActiveCfg = Debug|Any CPU
		{77E91AED-36FF-4990-9339-6BB81E2DA8D7}.Debug|Any CPU.Build.0 = Debug|Any CPU
		{77E91AED-36FF-4990-9339-6BB81E2DA8D7}.Release|Any CPU.ActiveCfg = Release|Any CPU
		{77E91AED-36FF-4990-9339-6BB81E2DA8D7}.Release|Any CPU.Build.0 = Release|Any CPU
		{BC4C85DE-DB45-48D4-A9F7-A1A9824430CD}.Debug|Any CPU.ActiveCfg = Debug|Any CPU
		{BC4C85DE-DB45-48D4-A9F7-A1A9824430CD}.Debug|Any CPU.Build.0 = Debug|Any CPU
		{BC4C85DE-DB45-48D4-A9F7-A1A9824430CD}.Release|Any CPU.ActiveCfg = Release|Any CPU
		{BC4C85DE-DB45-48D4-A9F7-A1A9824430CD}.Release|Any CPU.Build.0 = Release|Any CPU
	EndGlobalSection
	GlobalSection(SolutionProperties) = preSolution
		HideSolutionNode = FALSE
	EndGlobalSection
	GlobalSection(ExtensibilityGlobals) = postSolution
		SolutionGuid = {2D42267F-EC14-42FE-BFE3-6304D3E49822}
	EndGlobalSection
EndGlobal
