
Microsoft Visual Studio Solution File, Format Version 12.00
# Visual Studio Version 16
VisualStudioVersion = 16.0.29503.13
MinimumVisualStudioVersion = 10.0.40219.1
Project("{9A19103F-16F7-4668-BE54-9A1E7A4F7556}") = "PMN.Sync", "PMN.Sync\PMN.Sync.csproj", "{119ED844-0FD3-45C2-94EC-59645B376485}"
EndProject
Project("{9A19103F-16F7-4668-BE54-9A1E7A4F7556}") = "PMN.Sync.Tests", "PMN.Sync.Tests\PMN.Sync.Tests.csproj", "{8F655C26-08C6-4F15-9355-0B6403FDDEC1}"
EndProject
Project("{9A19103F-16F7-4668-BE54-9A1E7A4F7556}") = "ASPE.DQM.Data", "ASPE.DQM.Data\ASPE.DQM.Data.csproj", "{A18C366B-0C83-4645-B27F-94F3B926BC97}"
EndProject
Global
	GlobalSection(SolutionConfigurationPlatforms) = preSolution
		Debug|Any CPU = Debug|Any CPU
		Release|Any CPU = Release|Any CPU
	EndGlobalSection
	GlobalSection(ProjectConfigurationPlatforms) = postSolution
		{119ED844-0FD3-45C2-94EC-59645B376485}.Debug|Any CPU.ActiveCfg = Debug|Any CPU
		{119ED844-0FD3-45C2-94EC-59645B376485}.Debug|Any CPU.Build.0 = Debug|Any CPU
		{119ED844-0FD3-45C2-94EC-59645B376485}.Release|Any CPU.ActiveCfg = Release|Any CPU
		{119ED844-0FD3-45C2-94EC-59645B376485}.Release|Any CPU.Build.0 = Release|Any CPU
		{8F655C26-08C6-4F15-9355-0B6403FDDEC1}.Debug|Any CPU.ActiveCfg = Debug|Any CPU
		{8F655C26-08C6-4F15-9355-0B6403FDDEC1}.Debug|Any CPU.Build.0 = Debug|Any CPU
		{8F655C26-08C6-4F15-9355-0B6403FDDEC1}.Release|Any CPU.ActiveCfg = Release|Any CPU
		{8F655C26-08C6-4F15-9355-0B6403FDDEC1}.Release|Any CPU.Build.0 = Release|Any CPU
		{A18C366B-0C83-4645-B27F-94F3B926BC97}.Debug|Any CPU.ActiveCfg = Debug|Any CPU
		{A18C366B-0C83-4645-B27F-94F3B926BC97}.Debug|Any CPU.Build.0 = Debug|Any CPU
		{A18C366B-0C83-4645-B27F-94F3B926BC97}.Release|Any CPU.ActiveCfg = Release|Any CPU
		{A18C366B-0C83-4645-B27F-94F3B926BC97}.Release|Any CPU.Build.0 = Release|Any CPU
	EndGlobalSection
	GlobalSection(SolutionProperties) = preSolution
		HideSolutionNode = FALSE
	EndGlobalSection
	GlobalSection(ExtensibilityGlobals) = postSolution
		SolutionGuid = {CBD7BA1D-6EC7-4650-ABEF-AB9E08BB13EE}
	EndGlobalSection
EndGlobal
